
Microsoft Visual Studio Solution File, Format Version 12.00
# Visual Studio Express 2013 for Windows Desktop
VisualStudioVersion = 12.0.21005.1
MinimumVisualStudioVersion = 10.0.40219.1
Project("{8BC9CEB8-8B4A-11D0-8D11-00A0C91BC942}") = "HelloWorld", "HelloWorld\HelloWorld.vcxproj", "{2B8F481C-2C63-45D7-9F1C-0A9508F74F70}"
EndProject
Project("{8BC9CEB8-8B4A-11D0-8D11-00A0C91BC942}") = "Test", "Test\Test.vcxproj", "{D8AF9535-F4E4-40C5-9444-3D4F9A36D03A}"
EndProject
Project("{8BC9CEB8-8B4A-11D0-8D11-00A0C91BC942}") = "SortingAlgorithm", "SortingAlgorithm\SortingAlgorithm.vcxproj", "{04D956CE-9B46-4588-8125-1DB5BCDAB3FA}"
EndProject
Global
	GlobalSection(SolutionConfigurationPlatforms) = preSolution
		Debug|Win32 = Debug|Win32
		Release|Win32 = Release|Win32
	EndGlobalSection
	GlobalSection(ProjectConfigurationPlatforms) = postSolution
		{2B8F481C-2C63-45D7-9F1C-0A9508F74F70}.Debug|Win32.ActiveCfg = Debug|Win32
		{2B8F481C-2C63-45D7-9F1C-0A9508F74F70}.Debug|Win32.Build.0 = Debug|Win32
		{2B8F481C-2C63-45D7-9F1C-0A9508F74F70}.Release|Win32.ActiveCfg = Release|Win32
		{2B8F481C-2C63-45D7-9F1C-0A9508F74F70}.Release|Win32.Build.0 = Release|Win32
		{D8AF9535-F4E4-40C5-9444-3D4F9A36D03A}.Debug|Win32.ActiveCfg = Debug|Win32
		{D8AF9535-F4E4-40C5-9444-3D4F9A36D03A}.Debug|Win32.Build.0 = Debug|Win32
		{D8AF9535-F4E4-40C5-9444-3D4F9A36D03A}.Release|Win32.ActiveCfg = Release|Win32
		{D8AF9535-F4E4-40C5-9444-3D4F9A36D03A}.Release|Win32.Build.0 = Release|Win32
		{04D956CE-9B46-4588-8125-1DB5BCDAB3FA}.Debug|Win32.ActiveCfg = Debug|Win32
		{04D956CE-9B46-4588-8125-1DB5BCDAB3FA}.Debug|Win32.Build.0 = Debug|Win32
		{04D956CE-9B46-4588-8125-1DB5BCDAB3FA}.Release|Win32.ActiveCfg = Release|Win32
		{04D956CE-9B46-4588-8125-1DB5BCDAB3FA}.Release|Win32.Build.0 = Release|Win32
	EndGlobalSection
	GlobalSection(SolutionProperties) = preSolution
		HideSolutionNode = FALSE
	EndGlobalSection
EndGlobal
